
Microsoft Visual Studio Solution File, Format Version 12.00
# Visual Studio Version 16
VisualStudioVersion = 16.0.31410.357
MinimumVisualStudioVersion = 10.0.40219.1
Project("{9A19103F-16F7-4668-BE54-9A1E7A4F7556}") = "ConsolStore", "Store\ConsolStore.csproj", "{FF7B9A2F-6A41-4A3D-9FAA-936D43FCA60E}"
EndProject
Project("{FAE04EC0-301F-11D3-BF4B-00C04F79EFBC}") = "WpfStore", "WpfStore\WpfStore.csproj", "{CCAF28DD-DD99-490C-A181-ED3925DCABEC}"
EndProject
Global
	GlobalSection(SolutionConfigurationPlatforms) = preSolution
		Debug|Any CPU = Debug|Any CPU
		Release|Any CPU = Release|Any CPU
	EndGlobalSection
	GlobalSection(ProjectConfigurationPlatforms) = postSolution
		{FF7B9A2F-6A41-4A3D-9FAA-936D43FCA60E}.Debug|Any CPU.ActiveCfg = Debug|Any CPU
		{FF7B9A2F-6A41-4A3D-9FAA-936D43FCA60E}.Debug|Any CPU.Build.0 = Debug|Any CPU
		{FF7B9A2F-6A41-4A3D-9FAA-936D43FCA60E}.Release|Any CPU.ActiveCfg = Release|Any CPU
		{FF7B9A2F-6A41-4A3D-9FAA-936D43FCA60E}.Release|Any CPU.Build.0 = Release|Any CPU
		{CCAF28DD-DD99-490C-A181-ED3925DCABEC}.Debug|Any CPU.ActiveCfg = Debug|Any CPU
		{CCAF28DD-DD99-490C-A181-ED3925DCABEC}.Debug|Any CPU.Build.0 = Debug|Any CPU
		{CCAF28DD-DD99-490C-A181-ED3925DCABEC}.Release|Any CPU.ActiveCfg = Release|Any CPU
		{CCAF28DD-DD99-490C-A181-ED3925DCABEC}.Release|Any CPU.Build.0 = Release|Any CPU
	EndGlobalSection
	GlobalSection(SolutionProperties) = preSolution
		HideSolutionNode = FALSE
	EndGlobalSection
	GlobalSection(ExtensibilityGlobals) = postSolution
		SolutionGuid = {633253BA-B9BA-4687-8B4C-4CF8F423DC39}
	EndGlobalSection
EndGlobal
